{
  "version": 4,
  "terraform_version": "1.16.2",
  "serial": 1,
  "lineage": "a352fbb8-1270-cbcf-33c9-d862d18acf6d",
  "outputs": {},
  "resources": [
    {
      "mode": "managed",
      "type": "aws_vpc",
      "name": "vpc_prueba",
      "provider": "provider[\"registry.terraform.io/hashicorp/aws\"]",
      "instances": [
        {
          "schema_version": 1,
          "attributes": {
            "arn": "arn:aws:ec2:us-east-1:272735539735:vpc/vpc-0cfbd0fe19acbfcce",
            "assign_generated_ipv6_cidr_block": false,
            "cidr_block": "10.0.0.0/16",
            "default_network_acl_id": "acl-0a526602c60bf70a5",
            "default_route_table_id": "rtb-0c09baf572129e3bc",
            "default_security_group_id": "sg-0ec1add6f247c666f",
            "dhcp_options_id": "dopt-067cbe11e78c852b6",
            "enable_dns_hostnames": false,
            "enable_dns_support": true,
            "enable_network_address_usage_metrics": false,
            "id": "vpc-0cfbd0fe19acbfcce",
            "instance_tenancy": "default",
            "ipv4_ipam_pool_id": null,
            "ipv4_netmask_length": null,
            "ipv6_association_id": "",
            "ipv6_cidr_block": "",
            "ipv6_cidr_block_network_border_group": "",
            "ipv6_ipam_pool_id": "",
            "ipv6_netmask_length": 0,
            "main_route_table_id": "rtb-0c09baf572129e3bc",
            "owner_id": "272735539735",
            "region": "us-east-1",
            "tags": {
              "Name": "devops-vpc-prueba"
            },
            "tags_all": {
              "Name": "devops-vpc-prueba"
            }
          },
          "sensitive_attributes": [],
          "identity_schema_version": 0,
          "identity": {
            "account_id": "272735539735",
            "id": "vpc-0cfbd0fe19acbfcce",
            "region": "us-east-1"
          },
          "private": "eyJzY2hlbWFfdmVyc2lvbiI6IjEifQ=="
        }
      ]
    }
  ],
  "check_results": null
}
